{
  "name": "miniprogram-1",
  "version": "1.0.0",
  "lockfileVersion": 1,
  "requires": true,
  "dependencies": {
    "lin-ui": {
      "version": "0.9.4",
      "resolved": "https://registry.npm.taobao.org/lin-ui/download/lin-ui-0.9.4.tgz",
      "integrity": "sha1-PzSWGAmqF11Jwy5CRPt9saRkGcw="
    },
    "weui-miniprogram": {
      "version": "1.0.7",
      "resolved": "https://registry.npmjs.org/weui-miniprogram/-/weui-miniprogram-1.0.7.tgz",
      "integrity": "sha512-tXpLnUyaN1jEZHlYAWid3q+Rbov6a90t7QX4uunEa9E2+IUrVLqxo1Q1CfT1uTtjE5hqg6ABGU0NA819Ga1D3g=="
    }
  }
}
